
Microsoft Visual Studio Solution File, Format Version 12.00
# Visual Studio Version 17
VisualStudioVersion = 17.7.34024.191
MinimumVisualStudioVersion = 10.0.40219.1
Project("{FAE04EC0-301F-11D3-BF4B-00C04F79EFBC}") = "TestOOP", "TestOOP.csproj", "{A24B49D0-88CB-4970-8A97-E75E7767D204}"
EndProject
Global
	GlobalSection(SolutionConfigurationPlatforms) = preSolution
		Debug|Any CPU = Debug|Any CPU
		Release|Any CPU = Release|Any CPU
	EndGlobalSection
	GlobalSection(ProjectConfigurationPlatforms) = postSolution
		{A24B49D0-88CB-4970-8A97-E75E7767D204}.Debug|Any CPU.ActiveCfg = Debug|Any CPU
		{A24B49D0-88CB-4970-8A97-E75E7767D204}.Debug|Any CPU.Build.0 = Debug|Any CPU
		{A24B49D0-88CB-4970-8A97-E75E7767D204}.Release|Any CPU.ActiveCfg = Release|Any CPU
		{A24B49D0-88CB-4970-8A97-E75E7767D204}.Release|Any CPU.Build.0 = Release|Any CPU
	EndGlobalSection
	GlobalSection(SolutionProperties) = preSolution
		HideSolutionNode = FALSE
	EndGlobalSection
	GlobalSection(ExtensibilityGlobals) = postSolution
		SolutionGuid = {300CA8A9-9950-464E-A2C7-33B382C590C5}
	EndGlobalSection
EndGlobal
